// !$*UTF8*$!
{
	archiveVersion = 1;
	classes = {
	};
	objectVersion = 50;
	objects = {

/* Begin PBXBuildFile section */
		0A7B303C211EE1EA0034D545 /* SettingViewController.swift in Sources */ = {isa = PBXBuildFile; fileRef = 0A7B303B211EE1EA0034D545 /* SettingViewController.swift */; };
		0A7B303F211EE3D60034D545 /* SettingCells.swift in Sources */ = {isa = PBXBuildFile; fileRef = 0A7B303E211EE3D60034D545 /* SettingCells.swift */; };
		331108ED5DADE9EE03888FB7 /* Pods_Leaves.framework in Frameworks */ = {isa = PBXBuildFile; fileRef = 7277804FF0BC6DC9DCCC84E2 /* Pods_Leaves.framework */; };
		37035C1B210ECDDE00ECF2F6 /* AppDelegate.swift in Sources */ = {isa = PBXBuildFile; fileRef = 37035C1A210ECDDE00ECF2F6 /* AppDelegate.swift */; };
		37035C1D210ECDDE00ECF2F6 /* LeavesViewController.swift in Sources */ = {isa = PBXBuildFile; fileRef = 37035C1C210ECDDE00ECF2F6 /* LeavesViewController.swift */; };
		37035C20210ECDDE00ECF2F6 /* Main.storyboard in Resources */ = {isa = PBXBuildFile; fileRef = 37035C1E210ECDDE00ECF2F6 /* Main.storyboard */; };
		37035C23210ECDDE00ECF2F6 /* Leaves.xcdatamodeld in Sources */ = {isa = PBXBuildFile; fileRef = 37035C21210ECDDE00ECF2F6 /* Leaves.xcdatamodeld */; };
		37035C25210ECDEF00ECF2F6 /* Assets.xcassets in Resources */ = {isa = PBXBuildFile; fileRef = 37035C24210ECDEF00ECF2F6 /* Assets.xcassets */; };
		37035C28210ECDEF00ECF2F6 /* LaunchScreen.storyboard in Resources */ = {isa = PBXBuildFile; fileRef = 37035C26210ECDEF00ECF2F6 /* LaunchScreen.storyboard */; };
		37035C39210ECFB000ECF2F6 /* CoreDataController.swift in Sources */ = {isa = PBXBuildFile; fileRef = 37035C38210ECFB000ECF2F6 /* CoreDataController.swift */; };
		37035C46210ED0CA00ECF2F6 /* LeavesHistory+CoreDataClass.swift in Sources */ = {isa = PBXBuildFile; fileRef = 37035C42210ED0CA00ECF2F6 /* LeavesHistory+CoreDataClass.swift */; };
		37035C47210ED0CA00ECF2F6 /* LeavesHistory+CoreDataProperties.swift in Sources */ = {isa = PBXBuildFile; fileRef = 37035C43210ED0CA00ECF2F6 /* LeavesHistory+CoreDataProperties.swift */; };
		37035C4B210ED1A700ECF2F6 /* Classes.swift in Sources */ = {isa = PBXBuildFile; fileRef = 37035C4A210ED1A700ECF2F6 /* Classes.swift */; };
		37035C4D210ED54800ECF2F6 /* LeavesCell.swift in Sources */ = {isa = PBXBuildFile; fileRef = 37035C4C210ED54800ECF2F6 /* LeavesCell.swift */; };
		37035C4F210EE64800ECF2F6 /* NewLeaveViewController.swift in Sources */ = {isa = PBXBuildFile; fileRef = 37035C4E210EE64800ECF2F6 /* NewLeaveViewController.swift */; };
		37035C51210F07CB00ECF2F6 /* LoginSignupViewController.swift in Sources */ = {isa = PBXBuildFile; fileRef = 37035C50210F07CB00ECF2F6 /* LoginSignupViewController.swift */; };
		37035C53210F0CF900ECF2F6 /* GetLeavesViewController.swift in Sources */ = {isa = PBXBuildFile; fileRef = 37035C52210F0CF900ECF2F6 /* GetLeavesViewController.swift */; };
		37B0140A2119649200B5B37B /* GoogleService-Info.plist in Resources */ = {isa = PBXBuildFile; fileRef = 37B014092119649200B5B37B /* GoogleService-Info.plist */; };
/* End PBXBuildFile section */

/* Begin PBXFileReference section */
		0A7B303B211EE1EA0034D545 /* SettingViewController.swift */ = {isa = PBXFileReference; lastKnownFileType = sourcecode.swift; path = SettingViewController.swift; sourceTree = "<group>"; };
		0A7B303E211EE3D60034D545 /* SettingCells.swift */ = {isa = PBXFileReference; lastKnownFileType = sourcecode.swift; path = SettingCells.swift; sourceTree = "<group>"; };
		37035C17210ECDDE00ECF2F6 /* Leaves.app */ = {isa = PBXFileReference; explicitFileType = wrapper.application; includeInIndex = 0; path = Leaves.app; sourceTree = BUILT_PRODUCTS_DIR; };
		37035C1A210ECDDE00ECF2F6 /* AppDelegate.swift */ = {isa = PBXFileReference; lastKnownFileType = sourcecode.swift; path = AppDelegate.swift; sourceTree = "<group>"; };
		37035C1C210ECDDE00ECF2F6 /* LeavesViewController.swift */ = {isa = PBXFileReference; lastKnownFileType = sourcecode.swift; path = LeavesViewController.swift; sourceTree = "<group>"; };
		37035C1F210ECDDE00ECF2F6 /* Base */ = {isa = PBXFileReference; lastKnownFileType = file.storyboard; name = Base; path = Base.lproj/Main.storyboard; sourceTree = "<group>"; };
		37035C22210ECDDE00ECF2F6 /* Leaves.xcdatamodel */ = {isa = PBXFileReference; lastKnownFileType = wrapper.xcdatamodel; path = Leaves.xcdatamodel; sourceTree = "<group>"; };
		37035C24210ECDEF00ECF2F6 /* Assets.xcassets */ = {isa = PBXFileReference; lastKnownFileType = folder.assetcatalog; path = Assets.xcassets; sourceTree = "<group>"; };
		37035C27210ECDEF00ECF2F6 /* Base */ = {isa = PBXFileReference; lastKnownFileType = file.storyboard; name = Base; path = Base.lproj/LaunchScreen.storyboard; sourceTree = "<group>"; };
		37035C29210ECDEF00ECF2F6 /* Info.plist */ = {isa = PBXFileReference; lastKnownFileType = text.plist.xml; path = Info.plist; sourceTree = "<group>"; };
		37035C38210ECFB000ECF2F6 /* CoreDataController.swift */ = {isa = PBXFileReference; fileEncoding = 4; lastKnownFileType = sourcecode.swift; path = CoreDataController.swift; sourceTree = "<group>"; };
		37035C42210ED0CA00ECF2F6 /* LeavesHistory+CoreDataClass.swift */ = {isa = PBXFileReference; lastKnownFileType = sourcecode.swift; path = "LeavesHistory+CoreDataClass.swift"; sourceTree = "<group>"; };
		37035C43210ED0CA00ECF2F6 /* LeavesHistory+CoreDataProperties.swift */ = {isa = PBXFileReference; lastKnownFileType = sourcecode.swift; path = "LeavesHistory+CoreDataProperties.swift"; sourceTree = "<group>"; };
		37035C4A210ED1A700ECF2F6 /* Classes.swift */ = {isa = PBXFileReference; lastKnownFileType = sourcecode.swift; path = Classes.swift; sourceTree = "<group>"; };
		37035C4C210ED54800ECF2F6 /* LeavesCell.swift */ = {isa = PBXFileReference; lastKnownFileType = sourcecode.swift; path = LeavesCell.swift; sourceTree = "<group>"; };
		37035C4E210EE64800ECF2F6 /* NewLeaveViewController.swift */ = {isa = PBXFileReference; lastKnownFileType = sourcecode.swift; path = NewLeaveViewController.swift; sourceTree = "<group>"; };
		37035C50210F07CB00ECF2F6 /* LoginSignupViewController.swift */ = {isa = PBXFileReference; lastKnownFileType = sourcecode.swift; path = LoginSignupViewController.swift; sourceTree = "<group>"; };
		37035C52210F0CF900ECF2F6 /* GetLeavesViewController.swift */ = {isa = PBXFileReference; lastKnownFileType = sourcecode.swift; path = GetLeavesViewController.swift; sourceTree = "<group>"; };
		37B014092119649200B5B37B /* GoogleService-Info.plist */ = {isa = PBXFileReference; fileEncoding = 4; lastKnownFileType = text.plist.xml; path = "GoogleService-Info.plist"; sourceTree = "<group>"; };
		7277804FF0BC6DC9DCCC84E2 /* Pods_Leaves.framework */ = {isa = PBXFileReference; explicitFileType = wrapper.framework; includeInIndex = 0; path = Pods_Leaves.framework; sourceTree = BUILT_PRODUCTS_DIR; };
		AF920AE570BE1E26F86F5D93 /* Pods-Leaves.release.xcconfig */ = {isa = PBXFileReference; includeInIndex = 1; lastKnownFileType = text.xcconfig; name = "Pods-Leaves.release.xcconfig"; path = "Pods/Target Support Files/Pods-Leaves/Pods-Leaves.release.xcconfig"; sourceTree = "<group>"; };
		C05DB761FE5BCFE6FE920279 /* Pods-Leaves.debug.xcconfig */ = {isa = PBXFileReference; includeInIndex = 1; lastKnownFileType = text.xcconfig; name = "Pods-Leaves.debug.xcconfig"; path = "Pods/Target Support Files/Pods-Leaves/Pods-Leaves.debug.xcconfig"; sourceTree = "<group>"; };
/* End PBXFileReference section */

/* Begin PBXFrameworksBuildPhase section */
		37035C14210ECDDE00ECF2F6 /* Frameworks */ = {
			isa = PBXFrameworksBuildPhase;
			buildActionMask = 2147483647;
			files = (
				331108ED5DADE9EE03888FB7 /* Pods_Leaves.framework in Frameworks */,
			);
			runOnlyForDeploymentPostprocessing = 0;
		};
/* End PBXFrameworksBuildPhase section */

/* Begin PBXGroup section */
		0A7B303D211EE3BA0034D545 /* Cells */ = {
			isa = PBXGroup;
			children = (
				37035C4C210ED54800ECF2F6 /* LeavesCell.swift */,
				0A7B303E211EE3D60034D545 /* SettingCells.swift */,
			);
			path = Cells;
			sourceTree = "<group>";
		};
		37035C0E210ECDDE00ECF2F6 = {
			isa = PBXGroup;
			children = (
				37035C19210ECDDE00ECF2F6 /* Leaves */,
				37035C18210ECDDE00ECF2F6 /* Products */,
				449DA02D1751D41AE1B3CEE0 /* Pods */,
				4261A57A0C00B319807D585C /* Frameworks */,
			);
			sourceTree = "<group>";
		};
		37035C18210ECDDE00ECF2F6 /* Products */ = {
			isa = PBXGroup;
			children = (
				37035C17210ECDDE00ECF2F6 /* Leaves.app */,
			);
			name = Products;
			sourceTree = "<group>";
		};
		37035C19210ECDDE00ECF2F6 /* Leaves */ = {
			isa = PBXGroup;
			children = (
				37035C1A210ECDDE00ECF2F6 /* AppDelegate.swift */,
				37035C50210F07CB00ECF2F6 /* LoginSignupViewController.swift */,
				37035C1C210ECDDE00ECF2F6 /* LeavesViewController.swift */,
				0A7B303B211EE1EA0034D545 /* SettingViewController.swift */,
				37035C52210F0CF900ECF2F6 /* GetLeavesViewController.swift */,
				37035C4E210EE64800ECF2F6 /* NewLeaveViewController.swift */,
				37035C38210ECFB000ECF2F6 /* CoreDataController.swift */,
				37035C4A210ED1A700ECF2F6 /* Classes.swift */,
				37B014092119649200B5B37B /* GoogleService-Info.plist */,
				0A7B303D211EE3BA0034D545 /* Cells */,
				37035C37210ECF1800ECF2F6 /* Model */,
				37035C1E210ECDDE00ECF2F6 /* Main.storyboard */,
				37035C24210ECDEF00ECF2F6 /* Assets.xcassets */,
				37035C26210ECDEF00ECF2F6 /* LaunchScreen.storyboard */,
				37035C29210ECDEF00ECF2F6 /* Info.plist */,
				37035C21210ECDDE00ECF2F6 /* Leaves.xcdatamodeld */,
			);
			path = Leaves;
			sourceTree = "<group>";
		};
		37035C37210ECF1800ECF2F6 /* Model */ = {
			isa = PBXGroup;
			children = (
				37035C42210ED0CA00ECF2F6 /* LeavesHistory+CoreDataClass.swift */,
				37035C43210ED0CA00ECF2F6 /* LeavesHistory+CoreDataProperties.swift */,
			);
			path = Model;
			sourceTree = "<group>";
		};
		4261A57A0C00B319807D585C /* Frameworks */ = {
			isa = PBXGroup;
			children = (
				7277804FF0BC6DC9DCCC84E2 /* Pods_Leaves.framework */,
			);
			name = Frameworks;
			sourceTree = "<group>";
		};
		449DA02D1751D41AE1B3CEE0 /* Pods */ = {
			isa = PBXGroup;
			children = (
				C05DB761FE5BCFE6FE920279 /* Pods-Leaves.debug.xcconfig */,
				AF920AE570BE1E26F86F5D93 /* Pods-Leaves.release.xcconfig */,
			);
			name = Pods;
			sourceTree = "<group>";
		};
/* End PBXGroup section */

/* Begin PBXNativeTarget section */
		37035C16210ECDDE00ECF2F6 /* Leaves */ = {
			isa = PBXNativeTarget;
			buildConfigurationList = 37035C2C210ECDEF00ECF2F6 /* Build configuration list for PBXNativeTarget "Leaves" */;
			buildPhases = (
				00A1248F7680E0667788AB2F /* [CP] Check Pods Manifest.lock */,
				37035C13210ECDDE00ECF2F6 /* Sources */,
				37035C14210ECDDE00ECF2F6 /* Frameworks */,
				37035C15210ECDDE00ECF2F6 /* Resources */,
				26D0FAAE2553BA94A27CE082 /* [CP] Embed Pods Frameworks */,
				46F7FF38A48AB67B4267B346 /* [CP] Copy Pods Resources */,
			);
			buildRules = (
			);
			dependencies = (
			);
			name = Leaves;
			productName = Leaves;
			productReference = 37035C17210ECDDE00ECF2F6 /* Leaves.app */;
			productType = "com.apple.product-type.application";
		};
/* End PBXNativeTarget section */

/* Begin PBXProject section */
		37035C0F210ECDDE00ECF2F6 /* Project object */ = {
			isa = PBXProject;
			attributes = {
				LastSwiftUpdateCheck = 0940;
				LastUpgradeCheck = 0940;
				ORGANIZATIONNAME = "Jay Patel";
				TargetAttributes = {
					37035C16210ECDDE00ECF2F6 = {
						CreatedOnToolsVersion = 9.4.1;
					};
				};
			};
			buildConfigurationList = 37035C12210ECDDE00ECF2F6 /* Build configuration list for PBXProject "Leaves" */;
			compatibilityVersion = "Xcode 9.3";
			developmentRegion = en;
			hasScannedForEncodings = 0;
			knownRegions = (
				en,
				Base,
			);
			mainGroup = 37035C0E210ECDDE00ECF2F6;
			productRefGroup = 37035C18210ECDDE00ECF2F6 /* Products */;
			projectDirPath = "";
			projectRoot = "";
			targets = (
				37035C16210ECDDE00ECF2F6 /* Leaves */,
			);
		};
/* End PBXProject section */

/* Begin PBXResourcesBuildPhase section */
		37035C15210ECDDE00ECF2F6 /* Resources */ = {
			isa = PBXResourcesBuildPhase;
			buildActionMask = 2147483647;
			files = (
				37035C28210ECDEF00ECF2F6 /* LaunchScreen.storyboard in Resources */,
				37B0140A2119649200B5B37B /* GoogleService-Info.plist in Resources */,
				37035C25210ECDEF00ECF2F6 /* Assets.xcassets in Resources */,
				37035C20210ECDDE00ECF2F6 /* Main.storyboard in Resources */,
			);
			runOnlyForDeploymentPostprocessing = 0;
		};
/* End PBXResourcesBuildPhase section */

/* Begin PBXShellScriptBuildPhase section */
		00A1248F7680E0667788AB2F /* [CP] Check Pods Manifest.lock */ = {
			isa = PBXShellScriptBuildPhase;
			buildActionMask = 2147483647;
			files = (
			);
			inputPaths = (
				"${PODS_PODFILE_DIR_PATH}/Podfile.lock",
				"${PODS_ROOT}/Manifest.lock",
			);
			name = "[CP] Check Pods Manifest.lock";
			outputPaths = (
				"$(DERIVED_FILE_DIR)/Pods-Leaves-checkManifestLockResult.txt",
			);
			runOnlyForDeploymentPostprocessing = 0;
			shellPath = /bin/sh;
			shellScript = "diff \"${PODS_PODFILE_DIR_PATH}/Podfile.lock\" \"${PODS_ROOT}/Manifest.lock\" > /dev/null\nif [ $? != 0 ] ; then\n    # print error to STDERR\n    echo \"error: The sandbox is not in sync with the Podfile.lock. Run 'pod install' or update your CocoaPods installation.\" >&2\n    exit 1\nfi\n# This output is used by Xcode 'outputs' to avoid re-running this script phase.\necho \"SUCCESS\" > \"${SCRIPT_OUTPUT_FILE_0}\"\n";
			showEnvVarsInLog = 0;
		};
		26D0FAAE2553BA94A27CE082 /* [CP] Embed Pods Frameworks */ = {
			isa = PBXShellScriptBuildPhase;
			buildActionMask = 2147483647;
			files = (
			);
			inputPaths = (
				"${SRCROOT}/Pods/Target Support Files/Pods-Leaves/Pods-Leaves-frameworks.sh",
				"${BUILT_PRODUCTS_DIR}/GTMOAuth2/GTMOAuth2.framework",
				"${BUILT_PRODUCTS_DIR}/GTMSessionFetcher/GTMSessionFetcher.framework",
				"${BUILT_PRODUCTS_DIR}/GoogleToolboxForMac/GoogleToolboxForMac.framework",
				"${BUILT_PRODUCTS_DIR}/IQKeyboardManagerSwift/IQKeyboardManagerSwift.framework",
				"${BUILT_PRODUCTS_DIR}/leveldb-library/leveldb.framework",
				"${BUILT_PRODUCTS_DIR}/nanopb/nanopb.framework",
			);
			name = "[CP] Embed Pods Frameworks";
			outputPaths = (
				"${TARGET_BUILD_DIR}/${FRAMEWORKS_FOLDER_PATH}/GTMOAuth2.framework",
				"${TARGET_BUILD_DIR}/${FRAMEWORKS_FOLDER_PATH}/GTMSessionFetcher.framework",
				"${TARGET_BUILD_DIR}/${FRAMEWORKS_FOLDER_PATH}/GoogleToolboxForMac.framework",
				"${TARGET_BUILD_DIR}/${FRAMEWORKS_FOLDER_PATH}/IQKeyboardManagerSwift.framework",
				"${TARGET_BUILD_DIR}/${FRAMEWORKS_FOLDER_PATH}/leveldb.framework",
				"${TARGET_BUILD_DIR}/${FRAMEWORKS_FOLDER_PATH}/nanopb.framework",
			);
			runOnlyForDeploymentPostprocessing = 0;
			shellPath = /bin/sh;
			shellScript = "\"${SRCROOT}/Pods/Target Support Files/Pods-Leaves/Pods-Leaves-frameworks.sh\"\n";
			showEnvVarsInLog = 0;
		};
		46F7FF38A48AB67B4267B346 /* [CP] Copy Pods Resources */ = {
			isa = PBXShellScriptBuildPhase;
			buildActionMask = 2147483647;
			files = (
			);
			inputPaths = (
				"${SRCROOT}/Pods/Target Support Files/Pods-Leaves/Pods-Leaves-resources.sh",
				"${PODS_ROOT}/GoogleSignIn/Resources/GoogleSignIn.bundle",
			);
			name = "[CP] Copy Pods Resources";
			outputPaths = (
				"${TARGET_BUILD_DIR}/${UNLOCALIZED_RESOURCES_FOLDER_PATH}/GoogleSignIn.bundle",
			);
			runOnlyForDeploymentPostprocessing = 0;
			shellPath = /bin/sh;
			shellScript = "\"${SRCROOT}/Pods/Target Support Files/Pods-Leaves/Pods-Leaves-resources.sh\"\n";
			showEnvVarsInLog = 0;
		};
/* End PBXShellScriptBuildPhase section */

/* Begin PBXSourcesBuildPhase section */
		37035C13210ECDDE00ECF2F6 /* Sources */ = {
			isa = PBXSourcesBuildPhase;
			buildActionMask = 2147483647;
			files = (
				37035C1D210ECDDE00ECF2F6 /* LeavesViewController.swift in Sources */,
				37035C46210ED0CA00ECF2F6 /* LeavesHistory+CoreDataClass.swift in Sources */,
				37035C51210F07CB00ECF2F6 /* LoginSignupViewController.swift in Sources */,
				0A7B303F211EE3D60034D545 /* SettingCells.swift in Sources */,
				37035C1B210ECDDE00ECF2F6 /* AppDelegate.swift in Sources */,
				37035C39210ECFB000ECF2F6 /* CoreDataController.swift in Sources */,
				37035C53210F0CF900ECF2F6 /* GetLeavesViewController.swift in Sources */,
				37035C4D210ED54800ECF2F6 /* LeavesCell.swift in Sources */,
				37035C47210ED0CA00ECF2F6 /* LeavesHistory+CoreDataProperties.swift in Sources */,
				37035C23210ECDDE00ECF2F6 /* Leaves.xcdatamodeld in Sources */,
				37035C4B210ED1A700ECF2F6 /* Classes.swift in Sources */,
				37035C4F210EE64800ECF2F6 /* NewLeaveViewController.swift in Sources */,
				0A7B303C211EE1EA0034D545 /* SettingViewController.swift in Sources */,
			);
			runOnlyForDeploymentPostprocessing = 0;
		};
/* End PBXSourcesBuildPhase section */

/* Begin PBXVariantGroup section */
		37035C1E210ECDDE00ECF2F6 /* Main.storyboard */ = {
			isa = PBXVariantGroup;
			children = (
				37035C1F210ECDDE00ECF2F6 /* Base */,
			);
			name = Main.storyboard;
			sourceTree = "<group>";
		};
		37035C26210ECDEF00ECF2F6 /* LaunchScreen.storyboard */ = {
			isa = PBXVariantGroup;
			children = (
				37035C27210ECDEF00ECF2F6 /* Base */,
			);
			name = LaunchScreen.storyboard;
			sourceTree = "<group>";
		};
/* End PBXVariantGroup section */

/* Begin XCBuildConfiguration section */
		37035C2A210ECDEF00ECF2F6 /* Debug */ = {
			isa = XCBuildConfiguration;
			buildSettings = {
				ALWAYS_SEARCH_USER_PATHS = NO;
				CLANG_ANALYZER_NONNULL = YES;
				CLANG_ANALYZER_NUMBER_OBJECT_CONVERSION = YES_AGGRESSIVE;
				CLANG_CXX_LANGUAGE_STANDARD = "gnu++14";
				CLANG_CXX_LIBRARY = "libc++";
				CLANG_ENABLE_MODULES = YES;
				CLANG_ENABLE_OBJC_ARC = YES;
				CLANG_ENABLE_OBJC_WEAK = YES;
				CLANG_WARN_BLOCK_CAPTURE_AUTORELEASING = YES;
				CLANG_WARN_BOOL_CONVERSION = YES;
				CLANG_WARN_COMMA = YES;
				CLANG_WARN_CONSTANT_CONVERSION = YES;
				CLANG_WARN_DEPRECATED_OBJC_IMPLEMENTATIONS = YES;
				CLANG_WARN_DIRECT_OBJC_ISA_USAGE = YES_ERROR;
				CLANG_WARN_DOCUMENTATION_COMMENTS = YES;
				CLANG_WARN_EMPTY_BODY = YES;
				CLANG_WARN_ENUM_CONVERSION = YES;
				CLANG_WARN_INFINITE_RECURSION = YES;
				CLANG_WARN_INT_CONVERSION = YES;
				CLANG_WARN_NON_LITERAL_NULL_CONVERSION = YES;
				CLANG_WARN_OBJC_IMPLICIT_RETAIN_SELF = YES;
				CLANG_WARN_OBJC_LITERAL_CONVERSION = YES;
				CLANG_WARN_OBJC_ROOT_CLASS = YES_ERROR;
				CLANG_WARN_RANGE_LOOP_ANALYSIS = YES;
				CLANG_WARN_STRICT_PROTOTYPES = YES;
				CLANG_WARN_SUSPICIOUS_MOVE = YES;
				CLANG_WARN_UNGUARDED_AVAILABILITY = YES_AGGRESSIVE;
				CLANG_WARN_UNREACHABLE_CODE = YES;
				CLANG_WARN__DUPLICATE_METHOD_MATCH = YES;
				CODE_SIGN_IDENTITY = "iPhone Developer";
				COPY_PHASE_STRIP = NO;
				DEBUG_INFORMATION_FORMAT = dwarf;
				ENABLE_STRICT_OBJC_MSGSEND = YES;
				ENABLE_TESTABILITY = YES;
				GCC_C_LANGUAGE_STANDARD = gnu11;
				GCC_DYNAMIC_NO_PIC = NO;
				GCC_NO_COMMON_BLOCKS = YES;
				GCC_OPTIMIZATION_LEVEL = 0;
				GCC_PREPROCESSOR_DEFINITIONS = (
					"DEBUG=1",
					"$(inherited)",
				);
				GCC_WARN_64_TO_32_BIT_CONVERSION = YES;
				GCC_WARN_ABOUT_RETURN_TYPE = YES_ERROR;
				GCC_WARN_UNDECLARED_SELECTOR = YES;
				GCC_WARN_UNINITIALIZED_AUTOS = YES_AGGRESSIVE;
				GCC_WARN_UNUSED_FUNCTION = YES;
				GCC_WARN_UNUSED_VARIABLE = YES;
				IPHONEOS_DEPLOYMENT_TARGET = 11.4;
				MTL_ENABLE_DEBUG_INFO = YES;
				ONLY_ACTIVE_ARCH = YES;
				SDKROOT = iphoneos;
				SWIFT_ACTIVE_COMPILATION_CONDITIONS = DEBUG;
				SWIFT_OPTIMIZATION_LEVEL = "-Onone";
			};
			name = Debug;
		};
		37035C2B210ECDEF00ECF2F6 /* Release */ = {
			isa = XCBuildConfiguration;
			buildSettings = {
				ALWAYS_SEARCH_USER_PATHS = NO;
				CLANG_ANALYZER_NONNULL = YES;
				CLANG_ANALYZER_NUMBER_OBJECT_CONVERSION = YES_AGGRESSIVE;
				CLANG_CXX_LANGUAGE_STANDARD = "gnu++14";
				CLANG_CXX_LIBRARY = "libc++";
				CLANG_ENABLE_MODULES = YES;
				CLANG_ENABLE_OBJC_ARC = YES;
				CLANG_ENABLE_OBJC_WEAK = YES;
				CLANG_WARN_BLOCK_CAPTURE_AUTORELEASING = YES;
				CLANG_WARN_BOOL_CONVERSION = YES;
				CLANG_WARN_COMMA = YES;
				CLANG_WARN_CONSTANT_CONVERSION = YES;
				CLANG_WARN_DEPRECATED_OBJC_IMPLEMENTATIONS = YES;
				CLANG_WARN_DIRECT_OBJC_ISA_USAGE = YES_ERROR;
				CLANG_WARN_DOCUMENTATION_COMMENTS = YES;
				CLANG_WARN_EMPTY_BODY = YES;
				CLANG_WARN_ENUM_CONVERSION = YES;
				CLANG_WARN_INFINITE_RECURSION = YES;
				CLANG_WARN_INT_CONVERSION = YES;
				CLANG_WARN_NON_LITERAL_NULL_CONVERSION = YES;
				CLANG_WARN_OBJC_IMPLICIT_RETAIN_SELF = YES;
				CLANG_WARN_OBJC_LITERAL_CONVERSION = YES;
				CLANG_WARN_OBJC_ROOT_CLASS = YES_ERROR;
				CLANG_WARN_RANGE_LOOP_ANALYSIS = YES;
				CLANG_WARN_STRICT_PROTOTYPES = YES;
				CLANG_WARN_SUSPICIOUS_MOVE = YES;
				CLANG_WARN_UNGUARDED_AVAILABILITY = YES_AGGRESSIVE;
				CLANG_WARN_UNREACHABLE_CODE = YES;
				CLANG_WARN__DUPLICATE_METHOD_MATCH = YES;
				CODE_SIGN_IDENTITY = "iPhone Developer";
				COPY_PHASE_STRIP = NO;
				DEBUG_INFORMATION_FORMAT = "dwarf-with-dsym";
				ENABLE_NS_ASSERTIONS = NO;
				ENABLE_STRICT_OBJC_MSGSEND = YES;
				GCC_C_LANGUAGE_STANDARD = gnu11;
				GCC_NO_COMMON_BLOCKS = YES;
				GCC_WARN_64_TO_32_BIT_CONVERSION = YES;
				GCC_WARN_ABOUT_RETURN_TYPE = YES_ERROR;
				GCC_WARN_UNDECLARED_SELECTOR = YES;
				GCC_WARN_UNINITIALIZED_AUTOS = YES_AGGRESSIVE;
				GCC_WARN_UNUSED_FUNCTION = YES;
				GCC_WARN_UNUSED_VARIABLE = YES;
				IPHONEOS_DEPLOYMENT_TARGET = 11.4;
				MTL_ENABLE_DEBUG_INFO = NO;
				SDKROOT = iphoneos;
				SWIFT_COMPILATION_MODE = wholemodule;
				SWIFT_OPTIMIZATION_LEVEL = "-O";
				VALIDATE_PRODUCT = YES;
			};
			name = Release;
		};
		37035C2D210ECDEF00ECF2F6 /* Debug */ = {
			isa = XCBuildConfiguration;
			baseConfigurationReference = C05DB761FE5BCFE6FE920279 /* Pods-Leaves.debug.xcconfig */;
			buildSettings = {
				ASSETCATALOG_COMPILER_APPICON_NAME = AppIcon;
				CODE_SIGN_STYLE = Automatic;
				DEVELOPMENT_TEAM = 5ZZE3DZVHL;
				INFOPLIST_FILE = Leaves/Info.plist;
				IPHONEOS_DEPLOYMENT_TARGET = 10.0;
				LD_RUNPATH_SEARCH_PATHS = (
					"$(inherited)",
					"@executable_path/Frameworks",
				);
				PRODUCT_BUNDLE_IDENTIFIER = "Jay-Patel.Leaves";
				PRODUCT_NAME = "$(TARGET_NAME)";
				SWIFT_VERSION = 4.0;
				TARGETED_DEVICE_FAMILY = "1,2";
			};
			name = Debug;
		};
		37035C2E210ECDEF00ECF2F6 /* Release */ = {
			isa = XCBuildConfiguration;
			baseConfigurationReference = AF920AE570BE1E26F86F5D93 /* Pods-Leaves.release.xcconfig */;
			buildSettings = {
				ASSETCATALOG_COMPILER_APPICON_NAME = AppIcon;
				CODE_SIGN_STYLE = Automatic;
				DEVELOPMENT_TEAM = 5ZZE3DZVHL;
				INFOPLIST_FILE = Leaves/Info.plist;
				IPHONEOS_DEPLOYMENT_TARGET = 10.0;
				LD_RUNPATH_SEARCH_PATHS = (
					"$(inherited)",
					"@executable_path/Frameworks",
				);
				PRODUCT_BUNDLE_IDENTIFIER = "Jay-Patel.Leaves";
				PRODUCT_NAME = "$(TARGET_NAME)";
				SWIFT_VERSION = 4.0;
				TARGETED_DEVICE_FAMILY = "1,2";
			};
			name = Release;
		};
/* End XCBuildConfiguration section */

/* Begin XCConfigurationList section */
		37035C12210ECDDE00ECF2F6 /* Build configuration list for PBXProject "Leaves" */ = {
			isa = XCConfigurationList;
			buildConfigurations = (
				37035C2A210ECDEF00ECF2F6 /* Debug */,
				37035C2B210ECDEF00ECF2F6 /* Release */,
			);
			defaultConfigurationIsVisible = 0;
			defaultConfigurationName = Release;
		};
		37035C2C210ECDEF00ECF2F6 /* Build configuration list for PBXNativeTarget "Leaves" */ = {
			isa = XCConfigurationList;
			buildConfigurations = (
				37035C2D210ECDEF00ECF2F6 /* Debug */,
				37035C2E210ECDEF00ECF2F6 /* Release */,
			);
			defaultConfigurationIsVisible = 0;
			defaultConfigurationName = Release;
		};
/* End XCConfigurationList section */

/* Begin XCVersionGroup section */
		37035C21210ECDDE00ECF2F6 /* Leaves.xcdatamodeld */ = {
			isa = XCVersionGroup;
			children = (
				37035C22210ECDDE00ECF2F6 /* Leaves.xcdatamodel */,
			);
			currentVersion = 37035C22210ECDDE00ECF2F6 /* Leaves.xcdatamodel */;
			path = Leaves.xcdatamodeld;
			sourceTree = "<group>";
			versionGroupType = wrapper.xcdatamodel;
		};
/* End XCVersionGroup section */
	};
	rootObject = 37035C0F210ECDDE00ECF2F6 /* Project object */;
}
