PODS:
  - IQKeyboardManagerSwift (6.0.3)

DEPENDENCIES:
  - IQKeyboardManagerSwift

SPEC REPOS:
  https://github.com/CocoaPods/Specs.git:
    - IQKeyboardManagerSwift

SPEC CHECKSUMS:
  IQKeyboardManagerSwift: 04e8679f85e496bb2c474eeb9284052f1b3c391c

PODFILE CHECKSUM: 6cb45e2545dfb749599dc3ea3162500b9fc58323

COCOAPODS: 1.5.0
